
Microsoft Visual Studio Solution File, Format Version 12.00
# Visual Studio Version 16
VisualStudioVersion = 16.0.30503.244
MinimumVisualStudioVersion = 10.0.40219.1
Project("{FAE04EC0-301F-11D3-BF4B-00C04F79EFBC}") = "EventArgsAndHandling", "EventArgsAndHandling\EventArgsAndHandling.csproj", "{1AE170C5-5F1B-45E1-B012-B212FEB424A8}"
EndProject
Global
	GlobalSection(SolutionConfigurationPlatforms) = preSolution
		Debug|Any CPU = Debug|Any CPU
		Release|Any CPU = Release|Any CPU
	EndGlobalSection
	GlobalSection(ProjectConfigurationPlatforms) = postSolution
		{1AE170C5-5F1B-45E1-B012-B212FEB424A8}.Debug|Any CPU.ActiveCfg = Debug|Any CPU
		{1AE170C5-5F1B-45E1-B012-B212FEB424A8}.Debug|Any CPU.Build.0 = Debug|Any CPU
		{1AE170C5-5F1B-45E1-B012-B212FEB424A8}.Release|Any CPU.ActiveCfg = Release|Any CPU
		{1AE170C5-5F1B-45E1-B012-B212FEB424A8}.Release|Any CPU.Build.0 = Release|Any CPU
	EndGlobalSection
	GlobalSection(SolutionProperties) = preSolution
		HideSolutionNode = FALSE
	EndGlobalSection
	GlobalSection(ExtensibilityGlobals) = postSolution
		SolutionGuid = {836CE73A-C113-42AA-93E2-B80A59BE5A52}
	EndGlobalSection
EndGlobal
